
Microsoft Visual Studio Solution File, Format Version 12.00
# Visual Studio 15
VisualStudioVersion = 15.0.26124.0
MinimumVisualStudioVersion = 15.0.26124.0
Project("{FAE04EC0-301F-11D3-BF4B-00C04F79EFBC}") = "webapi", "WebApi\webapi.csproj", "{708DBC2B-618F-4E56-AAF3-6863B167505E}"
EndProject
Project("{FAE04EC0-301F-11D3-BF4B-00C04F79EFBC}") = "DataContracts", "DataContracts\DataContracts.csproj", "{D3C2F437-A3C9-45E6-924D-CCFA758DC73B}"
EndProject
Project("{FAE04EC0-301F-11D3-BF4B-00C04F79EFBC}") = "SqlMigrations", "SqlMigrations\SqlMigrations.csproj", "{A5729E4F-2E19-48C2-AF99-4C6DC340BC14}"
EndProject
Global
	GlobalSection(SolutionConfigurationPlatforms) = preSolution
		Debug|Any CPU = Debug|Any CPU
		Debug|x64 = Debug|x64
		Debug|x86 = Debug|x86
		Release|Any CPU = Release|Any CPU
		Release|x64 = Release|x64
		Release|x86 = Release|x86
	EndGlobalSection
	GlobalSection(SolutionProperties) = preSolution
		HideSolutionNode = FALSE
	EndGlobalSection
	GlobalSection(ProjectConfigurationPlatforms) = postSolution
		{708DBC2B-618F-4E56-AAF3-6863B167505E}.Debug|Any CPU.ActiveCfg = Debug|Any CPU
		{708DBC2B-618F-4E56-AAF3-6863B167505E}.Debug|Any CPU.Build.0 = Debug|Any CPU
		{708DBC2B-618F-4E56-AAF3-6863B167505E}.Debug|x64.ActiveCfg = Debug|Any CPU
		{708DBC2B-618F-4E56-AAF3-6863B167505E}.Debug|x64.Build.0 = Debug|Any CPU
		{708DBC2B-618F-4E56-AAF3-6863B167505E}.Debug|x86.ActiveCfg = Debug|Any CPU
		{708DBC2B-618F-4E56-AAF3-6863B167505E}.Debug|x86.Build.0 = Debug|Any CPU
		{708DBC2B-618F-4E56-AAF3-6863B167505E}.Release|Any CPU.ActiveCfg = Release|Any CPU
		{708DBC2B-618F-4E56-AAF3-6863B167505E}.Release|Any CPU.Build.0 = Release|Any CPU
		{708DBC2B-618F-4E56-AAF3-6863B167505E}.Release|x64.ActiveCfg = Release|Any CPU
		{708DBC2B-618F-4E56-AAF3-6863B167505E}.Release|x64.Build.0 = Release|Any CPU
		{708DBC2B-618F-4E56-AAF3-6863B167505E}.Release|x86.ActiveCfg = Release|Any CPU
		{708DBC2B-618F-4E56-AAF3-6863B167505E}.Release|x86.Build.0 = Release|Any CPU
		{D3C2F437-A3C9-45E6-924D-CCFA758DC73B}.Debug|Any CPU.ActiveCfg = Debug|Any CPU
		{D3C2F437-A3C9-45E6-924D-CCFA758DC73B}.Debug|Any CPU.Build.0 = Debug|Any CPU
		{D3C2F437-A3C9-45E6-924D-CCFA758DC73B}.Debug|x64.ActiveCfg = Debug|Any CPU
		{D3C2F437-A3C9-45E6-924D-CCFA758DC73B}.Debug|x64.Build.0 = Debug|Any CPU
		{D3C2F437-A3C9-45E6-924D-CCFA758DC73B}.Debug|x86.ActiveCfg = Debug|Any CPU
		{D3C2F437-A3C9-45E6-924D-CCFA758DC73B}.Debug|x86.Build.0 = Debug|Any CPU
		{D3C2F437-A3C9-45E6-924D-CCFA758DC73B}.Release|Any CPU.ActiveCfg = Release|Any CPU
		{D3C2F437-A3C9-45E6-924D-CCFA758DC73B}.Release|Any CPU.Build.0 = Release|Any CPU
		{D3C2F437-A3C9-45E6-924D-CCFA758DC73B}.Release|x64.ActiveCfg = Release|Any CPU
		{D3C2F437-A3C9-45E6-924D-CCFA758DC73B}.Release|x64.Build.0 = Release|Any CPU
		{D3C2F437-A3C9-45E6-924D-CCFA758DC73B}.Release|x86.ActiveCfg = Release|Any CPU
		{D3C2F437-A3C9-45E6-924D-CCFA758DC73B}.Release|x86.Build.0 = Release|Any CPU
		{A5729E4F-2E19-48C2-AF99-4C6DC340BC14}.Debug|Any CPU.ActiveCfg = Debug|Any CPU
		{A5729E4F-2E19-48C2-AF99-4C6DC340BC14}.Debug|Any CPU.Build.0 = Debug|Any CPU
		{A5729E4F-2E19-48C2-AF99-4C6DC340BC14}.Debug|x64.ActiveCfg = Debug|Any CPU
		{A5729E4F-2E19-48C2-AF99-4C6DC340BC14}.Debug|x64.Build.0 = Debug|Any CPU
		{A5729E4F-2E19-48C2-AF99-4C6DC340BC14}.Debug|x86.ActiveCfg = Debug|Any CPU
		{A5729E4F-2E19-48C2-AF99-4C6DC340BC14}.Debug|x86.Build.0 = Debug|Any CPU
		{A5729E4F-2E19-48C2-AF99-4C6DC340BC14}.Release|Any CPU.ActiveCfg = Release|Any CPU
		{A5729E4F-2E19-48C2-AF99-4C6DC340BC14}.Release|Any CPU.Build.0 = Release|Any CPU
		{A5729E4F-2E19-48C2-AF99-4C6DC340BC14}.Release|x64.ActiveCfg = Release|Any CPU
		{A5729E4F-2E19-48C2-AF99-4C6DC340BC14}.Release|x64.Build.0 = Release|Any CPU
		{A5729E4F-2E19-48C2-AF99-4C6DC340BC14}.Release|x86.ActiveCfg = Release|Any CPU
		{A5729E4F-2E19-48C2-AF99-4C6DC340BC14}.Release|x86.Build.0 = Release|Any CPU
	EndGlobalSection
EndGlobal
